
Microsoft Visual Studio Solution File, Format Version 12.00
# Visual Studio Version 16
VisualStudioVersion = 16.0.28922.388
MinimumVisualStudioVersion = 10.0.40219.1
Project("{9A19103F-16F7-4668-BE54-9A1E7A4F7556}") = "Qart.Core.Io.FileRolling", "Qart.Core.Io.FileRolling\Qart.Core.Io.FileRolling.csproj", "{C367DF29-18E0-4266-AFFA-781E203DDBFB}"
EndProject
Project("{9A19103F-16F7-4668-BE54-9A1E7A4F7556}") = "Qart.Core", "src\Qart.Core\Qart.Core.csproj", "{5DB83B69-2BC5-46D1-B0A9-B4F7D40A80A0}"
EndProject
Project("{9A19103F-16F7-4668-BE54-9A1E7A4F7556}") = "Qart.CyberTester", "src\Qart.CyberTester\Qart.CyberTester.csproj", "{3DEB5E8E-7177-4F81-895A-AC2BE6532ECF}"
EndProject
Project("{9A19103F-16F7-4668-BE54-9A1E7A4F7556}") = "Qart.Testing", "src\Qart.Testing\Qart.Testing.csproj", "{39A4EC7E-6685-4AD3-A955-D4623EB9E38F}"
EndProject
Project("{9A19103F-16F7-4668-BE54-9A1E7A4F7556}") = "Qart.Testing.Extensions", "src\Qart.Testing.Extensions\Qart.Testing.Extensions.csproj", "{6D86F0E1-1D40-4952-B6D0-3DB291044F33}"
EndProject
Project("{9A19103F-16F7-4668-BE54-9A1E7A4F7556}") = "Qart.Wheels.TestAutomation", "src\Qart.Wheels.TestAutomation\Qart.Wheels.TestAutomation.csproj", "{05C412F0-63F4-4849-A977-4AD636062978}"
EndProject
Project("{9A19103F-16F7-4668-BE54-9A1E7A4F7556}") = "Qart.Wheels.CyberTester", "src\Qart.Wheels.CyberTester\Qart.Wheels.CyberTester.csproj", "{B1B4893D-145E-40B6-985B-C7A186B98FB5}"
EndProject
Project("{9A19103F-16F7-4668-BE54-9A1E7A4F7556}") = "Qart.Core.Tests", "tests\Qart.Core.Tests\Qart.Core.Tests.csproj", "{DF5BBC1C-75DC-460C-BBA5-6FBD8A03FB46}"
EndProject
Project("{9A19103F-16F7-4668-BE54-9A1E7A4F7556}") = "Qart.Testing.Tests", "tests\Qart.Testing.Tests\Qart.Testing.Tests.csproj", "{131928BB-4503-4E71-BDB2-F6DE24B2A687}"
EndProject
Project("{2150E333-8FDC-42A3-9474-1A3956D46DE8}") = "Solution Items", "Solution Items", "{C129B54B-F81C-4E64-BBFC-A7DDAEBDFD1B}"
	ProjectSection(SolutionItems) = preProject
		Directory.Build.props = Directory.Build.props
	EndProjectSection
EndProject
Global
	GlobalSection(SolutionConfigurationPlatforms) = preSolution
		Debug|Any CPU = Debug|Any CPU
		Release|Any CPU = Release|Any CPU
	EndGlobalSection
	GlobalSection(ProjectConfigurationPlatforms) = postSolution
		{C367DF29-18E0-4266-AFFA-781E203DDBFB}.Debug|Any CPU.ActiveCfg = Debug|Any CPU
		{C367DF29-18E0-4266-AFFA-781E203DDBFB}.Debug|Any CPU.Build.0 = Debug|Any CPU
		{C367DF29-18E0-4266-AFFA-781E203DDBFB}.Release|Any CPU.ActiveCfg = Release|Any CPU
		{C367DF29-18E0-4266-AFFA-781E203DDBFB}.Release|Any CPU.Build.0 = Release|Any CPU
		{5DB83B69-2BC5-46D1-B0A9-B4F7D40A80A0}.Debug|Any CPU.ActiveCfg = Debug|Any CPU
		{5DB83B69-2BC5-46D1-B0A9-B4F7D40A80A0}.Debug|Any CPU.Build.0 = Debug|Any CPU
		{5DB83B69-2BC5-46D1-B0A9-B4F7D40A80A0}.Release|Any CPU.ActiveCfg = Release|Any CPU
		{5DB83B69-2BC5-46D1-B0A9-B4F7D40A80A0}.Release|Any CPU.Build.0 = Release|Any CPU
		{3DEB5E8E-7177-4F81-895A-AC2BE6532ECF}.Debug|Any CPU.ActiveCfg = Debug|Any CPU
		{3DEB5E8E-7177-4F81-895A-AC2BE6532ECF}.Debug|Any CPU.Build.0 = Debug|Any CPU
		{3DEB5E8E-7177-4F81-895A-AC2BE6532ECF}.Release|Any CPU.ActiveCfg = Release|Any CPU
		{3DEB5E8E-7177-4F81-895A-AC2BE6532ECF}.Release|Any CPU.Build.0 = Release|Any CPU
		{39A4EC7E-6685-4AD3-A955-D4623EB9E38F}.Debug|Any CPU.ActiveCfg = Debug|Any CPU
		{39A4EC7E-6685-4AD3-A955-D4623EB9E38F}.Debug|Any CPU.Build.0 = Debug|Any CPU
		{39A4EC7E-6685-4AD3-A955-D4623EB9E38F}.Release|Any CPU.ActiveCfg = Release|Any CPU
		{39A4EC7E-6685-4AD3-A955-D4623EB9E38F}.Release|Any CPU.Build.0 = Release|Any CPU
		{6D86F0E1-1D40-4952-B6D0-3DB291044F33}.Debug|Any CPU.ActiveCfg = Debug|Any CPU
		{6D86F0E1-1D40-4952-B6D0-3DB291044F33}.Debug|Any CPU.Build.0 = Debug|Any CPU
		{6D86F0E1-1D40-4952-B6D0-3DB291044F33}.Release|Any CPU.ActiveCfg = Release|Any CPU
		{6D86F0E1-1D40-4952-B6D0-3DB291044F33}.Release|Any CPU.Build.0 = Release|Any CPU
		{05C412F0-63F4-4849-A977-4AD636062978}.Debug|Any CPU.ActiveCfg = Debug|Any CPU
		{05C412F0-63F4-4849-A977-4AD636062978}.Debug|Any CPU.Build.0 = Debug|Any CPU
		{05C412F0-63F4-4849-A977-4AD636062978}.Release|Any CPU.ActiveCfg = Release|Any CPU
		{05C412F0-63F4-4849-A977-4AD636062978}.Release|Any CPU.Build.0 = Release|Any CPU
		{B1B4893D-145E-40B6-985B-C7A186B98FB5}.Debug|Any CPU.ActiveCfg = Debug|Any CPU
		{B1B4893D-145E-40B6-985B-C7A186B98FB5}.Debug|Any CPU.Build.0 = Debug|Any CPU
		{B1B4893D-145E-40B6-985B-C7A186B98FB5}.Release|Any CPU.ActiveCfg = Release|Any CPU
		{B1B4893D-145E-40B6-985B-C7A186B98FB5}.Release|Any CPU.Build.0 = Release|Any CPU
		{DF5BBC1C-75DC-460C-BBA5-6FBD8A03FB46}.Debug|Any CPU.ActiveCfg = Debug|Any CPU
		{DF5BBC1C-75DC-460C-BBA5-6FBD8A03FB46}.Debug|Any CPU.Build.0 = Debug|Any CPU
		{DF5BBC1C-75DC-460C-BBA5-6FBD8A03FB46}.Release|Any CPU.ActiveCfg = Release|Any CPU
		{DF5BBC1C-75DC-460C-BBA5-6FBD8A03FB46}.Release|Any CPU.Build.0 = Release|Any CPU
		{131928BB-4503-4E71-BDB2-F6DE24B2A687}.Debug|Any CPU.ActiveCfg = Debug|Any CPU
		{131928BB-4503-4E71-BDB2-F6DE24B2A687}.Debug|Any CPU.Build.0 = Debug|Any CPU
		{131928BB-4503-4E71-BDB2-F6DE24B2A687}.Release|Any CPU.ActiveCfg = Release|Any CPU
		{131928BB-4503-4E71-BDB2-F6DE24B2A687}.Release|Any CPU.Build.0 = Release|Any CPU
	EndGlobalSection
	GlobalSection(SolutionProperties) = preSolution
		HideSolutionNode = FALSE
	EndGlobalSection
	GlobalSection(ExtensibilityGlobals) = postSolution
		SolutionGuid = {EC8AE377-7E5F-4E89-8A07-A122FA9F7072}
	EndGlobalSection
EndGlobal
