
Microsoft Visual Studio Solution File, Format Version 12.00
# Visual Studio 2013
VisualStudioVersion = 12.0.31101.0
MinimumVisualStudioVersion = 10.0.40219.1
Project("{FAE04EC0-301F-11D3-BF4B-00C04F79EFBC}") = "Qart.Core", "Qart.Core\Qart.Core.csproj", "{2444BC84-514F-41D8-80D5-EF171F514C91}"
EndProject
Project("{FAE04EC0-301F-11D3-BF4B-00C04F79EFBC}") = "Qart.Core.Tests", "Qart.Core.Tests\Qart.Core.Tests.csproj", "{761188D6-E48E-4795-BE2F-28C020E5BE8D}"
EndProject
Project("{FAE04EC0-301F-11D3-BF4B-00C04F79EFBC}") = "Qart.Testing", "Qart.Testing\Qart.Testing.csproj", "{DCDF538C-7F9C-4F0F-AC6E-851EF9344DB5}"
EndProject
Project("{FAE04EC0-301F-11D3-BF4B-00C04F79EFBC}") = "TestApp", "TestApp\TestApp.csproj", "{AD2EFE07-7A37-4EB6-8F9E-70A493C8FE87}"
EndProject
Project("{FAE04EC0-301F-11D3-BF4B-00C04F79EFBC}") = "Qart.RandomLogger", "Qart.RandomLogger\Qart.RandomLogger.csproj", "{53D08AFD-EC85-4572-AA24-1B63AAEB931C}"
EndProject
Project("{FAE04EC0-301F-11D3-BF4B-00C04F79EFBC}") = "Qart.FileForwarder", "Qart.FileForwarder\Qart.FileForwarder.csproj", "{02433D9E-C961-4F6A-AD24-37AE4465E59D}"
EndProject
Project("{FAE04EC0-301F-11D3-BF4B-00C04F79EFBC}") = "Qart.Testing.Tests", "Qart.Testing.Tests\Qart.Testing.Tests.csproj", "{2BFCE96B-E265-429C-94EE-FF647C2F17FB}"
EndProject
Project("{FAE04EC0-301F-11D3-BF4B-00C04F79EFBC}") = "Qart.CyberTester", "Qart.CyberTester\Qart.CyberTester.csproj", "{C471ED5C-2EDD-4629-A884-6F140A9F7EB1}"
EndProject
Project("{FAE04EC0-301F-11D3-BF4B-00C04F79EFBC}") = "Qart.Core.IO.FileRolling", "Qart.Core.IO.FileRoller\Qart.Core.IO.FileRolling.csproj", "{95D2D28F-BEAF-4B1F-B3F5-19E8578257E7}"
EndProject
Global
	GlobalSection(SolutionConfigurationPlatforms) = preSolution
		Debug|Any CPU = Debug|Any CPU
		Release|Any CPU = Release|Any CPU
	EndGlobalSection
	GlobalSection(ProjectConfigurationPlatforms) = postSolution
		{2444BC84-514F-41D8-80D5-EF171F514C91}.Debug|Any CPU.ActiveCfg = Debug|Any CPU
		{2444BC84-514F-41D8-80D5-EF171F514C91}.Debug|Any CPU.Build.0 = Debug|Any CPU
		{2444BC84-514F-41D8-80D5-EF171F514C91}.Release|Any CPU.ActiveCfg = Release|Any CPU
		{2444BC84-514F-41D8-80D5-EF171F514C91}.Release|Any CPU.Build.0 = Release|Any CPU
		{761188D6-E48E-4795-BE2F-28C020E5BE8D}.Debug|Any CPU.ActiveCfg = Debug|Any CPU
		{761188D6-E48E-4795-BE2F-28C020E5BE8D}.Debug|Any CPU.Build.0 = Debug|Any CPU
		{761188D6-E48E-4795-BE2F-28C020E5BE8D}.Release|Any CPU.ActiveCfg = Release|Any CPU
		{761188D6-E48E-4795-BE2F-28C020E5BE8D}.Release|Any CPU.Build.0 = Release|Any CPU
		{DCDF538C-7F9C-4F0F-AC6E-851EF9344DB5}.Debug|Any CPU.ActiveCfg = Debug|Any CPU
		{DCDF538C-7F9C-4F0F-AC6E-851EF9344DB5}.Debug|Any CPU.Build.0 = Debug|Any CPU
		{DCDF538C-7F9C-4F0F-AC6E-851EF9344DB5}.Release|Any CPU.ActiveCfg = Release|Any CPU
		{DCDF538C-7F9C-4F0F-AC6E-851EF9344DB5}.Release|Any CPU.Build.0 = Release|Any CPU
		{AD2EFE07-7A37-4EB6-8F9E-70A493C8FE87}.Debug|Any CPU.ActiveCfg = Debug|Any CPU
		{AD2EFE07-7A37-4EB6-8F9E-70A493C8FE87}.Debug|Any CPU.Build.0 = Debug|Any CPU
		{AD2EFE07-7A37-4EB6-8F9E-70A493C8FE87}.Release|Any CPU.ActiveCfg = Release|Any CPU
		{AD2EFE07-7A37-4EB6-8F9E-70A493C8FE87}.Release|Any CPU.Build.0 = Release|Any CPU
		{53D08AFD-EC85-4572-AA24-1B63AAEB931C}.Debug|Any CPU.ActiveCfg = Debug|Any CPU
		{53D08AFD-EC85-4572-AA24-1B63AAEB931C}.Debug|Any CPU.Build.0 = Debug|Any CPU
		{53D08AFD-EC85-4572-AA24-1B63AAEB931C}.Release|Any CPU.ActiveCfg = Release|Any CPU
		{53D08AFD-EC85-4572-AA24-1B63AAEB931C}.Release|Any CPU.Build.0 = Release|Any CPU
		{02433D9E-C961-4F6A-AD24-37AE4465E59D}.Debug|Any CPU.ActiveCfg = Debug|Any CPU
		{02433D9E-C961-4F6A-AD24-37AE4465E59D}.Debug|Any CPU.Build.0 = Debug|Any CPU
		{02433D9E-C961-4F6A-AD24-37AE4465E59D}.Release|Any CPU.ActiveCfg = Release|Any CPU
		{02433D9E-C961-4F6A-AD24-37AE4465E59D}.Release|Any CPU.Build.0 = Release|Any CPU
		{2BFCE96B-E265-429C-94EE-FF647C2F17FB}.Debug|Any CPU.ActiveCfg = Debug|Any CPU
		{2BFCE96B-E265-429C-94EE-FF647C2F17FB}.Debug|Any CPU.Build.0 = Debug|Any CPU
		{2BFCE96B-E265-429C-94EE-FF647C2F17FB}.Release|Any CPU.ActiveCfg = Release|Any CPU
		{2BFCE96B-E265-429C-94EE-FF647C2F17FB}.Release|Any CPU.Build.0 = Release|Any CPU
		{C471ED5C-2EDD-4629-A884-6F140A9F7EB1}.Debug|Any CPU.ActiveCfg = Debug|Any CPU
		{C471ED5C-2EDD-4629-A884-6F140A9F7EB1}.Debug|Any CPU.Build.0 = Debug|Any CPU
		{C471ED5C-2EDD-4629-A884-6F140A9F7EB1}.Release|Any CPU.ActiveCfg = Release|Any CPU
		{C471ED5C-2EDD-4629-A884-6F140A9F7EB1}.Release|Any CPU.Build.0 = Release|Any CPU
		{95D2D28F-BEAF-4B1F-B3F5-19E8578257E7}.Debug|Any CPU.ActiveCfg = Debug|Any CPU
		{95D2D28F-BEAF-4B1F-B3F5-19E8578257E7}.Debug|Any CPU.Build.0 = Debug|Any CPU
		{95D2D28F-BEAF-4B1F-B3F5-19E8578257E7}.Release|Any CPU.ActiveCfg = Release|Any CPU
		{95D2D28F-BEAF-4B1F-B3F5-19E8578257E7}.Release|Any CPU.Build.0 = Release|Any CPU
	EndGlobalSection
	GlobalSection(SolutionProperties) = preSolution
		HideSolutionNode = FALSE
	EndGlobalSection
EndGlobal
